
Microsoft Visual Studio Solution File, Format Version 12.00
# Visual Studio Version 16
VisualStudioVersion = 16.0.31313.79
MinimumVisualStudioVersion = 10.0.40219.1
Project("{FAE04EC0-301F-11D3-BF4B-00C04F79EFBC}") = "task-manager", "task-manager\task-manager.csproj", "{279FF466-DA92-48CB-8C07-D53266577B0E}"
EndProject
Global
	GlobalSection(SolutionConfigurationPlatforms) = preSolution
		Debug|Any CPU = Debug|Any CPU
		Release|Any CPU = Release|Any CPU
	EndGlobalSection
	GlobalSection(ProjectConfigurationPlatforms) = postSolution
		{279FF466-DA92-48CB-8C07-D53266577B0E}.Debug|Any CPU.ActiveCfg = Debug|Any CPU
		{279FF466-DA92-48CB-8C07-D53266577B0E}.Debug|Any CPU.Build.0 = Debug|Any CPU
		{279FF466-DA92-48CB-8C07-D53266577B0E}.Release|Any CPU.ActiveCfg = Release|Any CPU
		{279FF466-DA92-48CB-8C07-D53266577B0E}.Release|Any CPU.Build.0 = Release|Any CPU
	EndGlobalSection
	GlobalSection(SolutionProperties) = preSolution
		HideSolutionNode = FALSE
	EndGlobalSection
	GlobalSection(ExtensibilityGlobals) = postSolution
		SolutionGuid = {6FA3ACA2-44A0-4078-8FB5-75FB6988BDD2}
	EndGlobalSection
EndGlobal
